// !$*UTF8*$!
{
	archiveVersion = 1;
	classes = {
	};
	objectVersion = 46;
	objects = {

/* Begin PBXBuildFile section */
		667F141C1F43538F0089A035 /* AppDelegate.swift in Sources */ = {isa = PBXBuildFile; fileRef = 667F141B1F43538F0089A035 /* AppDelegate.swift */; };
		667F141E1F43538F0089A035 /* ViewController.swift in Sources */ = {isa = PBXBuildFile; fileRef = 667F141D1F43538F0089A035 /* ViewController.swift */; };
		667F14211F43538F0089A035 /* Main.storyboard in Resources */ = {isa = PBXBuildFile; fileRef = 667F141F1F43538F0089A035 /* Main.storyboard */; };
		667F14231F43538F0089A035 /* Assets.xcassets in Resources */ = {isa = PBXBuildFile; fileRef = 667F14221F43538F0089A035 /* Assets.xcassets */; };
		667F14261F43538F0089A035 /* LaunchScreen.storyboard in Resources */ = {isa = PBXBuildFile; fileRef = 667F14241F43538F0089A035 /* LaunchScreen.storyboard */; };
		667F14311F43538F0089A035 /* PracticeHugsTests.swift in Sources */ = {isa = PBXBuildFile; fileRef = 667F14301F43538F0089A035 /* PracticeHugsTests.swift */; };
/* End PBXBuildFile section */

/* Begin PBXContainerItemProxy section */
		667F142D1F43538F0089A035 /* PBXContainerItemProxy */ = {
			isa = PBXContainerItemProxy;
			containerPortal = 667F14101F43538F0089A035 /* Project object */;
			proxyType = 1;
			remoteGlobalIDString = 667F14171F43538F0089A035;
			remoteInfo = PracticeHugs;
		};
/* End PBXContainerItemProxy section */

/* Begin PBXFileReference section */
		667F14181F43538F0089A035 /* PracticeHugs.app */ = {isa = PBXFileReference; explicitFileType = wrapper.application; includeInIndex = 0; path = PracticeHugs.app; sourceTree = BUILT_PRODUCTS_DIR; };
		667F141B1F43538F0089A035 /* AppDelegate.swift */ = {isa = PBXFileReference; lastKnownFileType = sourcecode.swift; path = AppDelegate.swift; sourceTree = "<group>"; };
		667F141D1F43538F0089A035 /* ViewController.swift */ = {isa = PBXFileReference; lastKnownFileType = sourcecode.swift; path = ViewController.swift; sourceTree = "<group>"; };
		667F14201F43538F0089A035 /* Base */ = {isa = PBXFileReference; lastKnownFileType = file.storyboard; name = Base; path = Base.lproj/Main.storyboard; sourceTree = "<group>"; };
		667F14221F43538F0089A035 /* Assets.xcassets */ = {isa = PBXFileReference; lastKnownFileType = folder.assetcatalog; path = Assets.xcassets; sourceTree = "<group>"; };
		667F14251F43538F0089A035 /* Base */ = {isa = PBXFileReference; lastKnownFileType = file.storyboard; name = Base; path = Base.lproj/LaunchScreen.storyboard; sourceTree = "<group>"; };
		667F14271F43538F0089A035 /* Info.plist */ = {isa = PBXFileReference; lastKnownFileType = text.plist.xml; path = Info.plist; sourceTree = "<group>"; };
		667F142C1F43538F0089A035 /* PracticeHugsTests.xctest */ = {isa = PBXFileReference; explicitFileType = wrapper.cfbundle; includeInIndex = 0; path = PracticeHugsTests.xctest; sourceTree = BUILT_PRODUCTS_DIR; };
		667F14301F43538F0089A035 /* PracticeHugsTests.swift */ = {isa = PBXFileReference; lastKnownFileType = sourcecode.swift; path = PracticeHugsTests.swift; sourceTree = "<group>"; };
		667F14321F43538F0089A035 /* Info.plist */ = {isa = PBXFileReference; lastKnownFileType = text.plist.xml; path = Info.plist; sourceTree = "<group>"; };
/* End PBXFileReference section */

/* Begin PBXFrameworksBuildPhase section */
		667F14151F43538F0089A035 /* Frameworks */ = {
			isa = PBXFrameworksBuildPhase;
			buildActionMask = 2147483647;
			files = (
			);
			runOnlyForDeploymentPostprocessing = 0;
		};
		667F14291F43538F0089A035 /* Frameworks */ = {
			isa = PBXFrameworksBuildPhase;
			buildActionMask = 2147483647;
			files = (
			);
			runOnlyForDeploymentPostprocessing = 0;
		};
/* End PBXFrameworksBuildPhase section */

/* Begin PBXGroup section */
		667F140F1F43538F0089A035 = {
			isa = PBXGroup;
			children = (
				667F141A1F43538F0089A035 /* PracticeHugs */,
				667F142F1F43538F0089A035 /* PracticeHugsTests */,
				667F14191F43538F0089A035 /* Products */,
			);
			sourceTree = "<group>";
		};
		667F14191F43538F0089A035 /* Products */ = {
			isa = PBXGroup;
			children = (
				667F14181F43538F0089A035 /* PracticeHugs.app */,
				667F142C1F43538F0089A035 /* PracticeHugsTests.xctest */,
			);
			name = Products;
			sourceTree = "<group>";
		};
		667F141A1F43538F0089A035 /* PracticeHugs */ = {
			isa = PBXGroup;
			children = (
				667F141B1F43538F0089A035 /* AppDelegate.swift */,
				667F141D1F43538F0089A035 /* ViewController.swift */,
				667F141F1F43538F0089A035 /* Main.storyboard */,
				667F14221F43538F0089A035 /* Assets.xcassets */,
				667F14241F43538F0089A035 /* LaunchScreen.storyboard */,
				667F14271F43538F0089A035 /* Info.plist */,
			);
			path = PracticeHugs;
			sourceTree = "<group>";
		};
		667F142F1F43538F0089A035 /* PracticeHugsTests */ = {
			isa = PBXGroup;
			children = (
				667F14301F43538F0089A035 /* PracticeHugsTests.swift */,
				667F14321F43538F0089A035 /* Info.plist */,
			);
			path = PracticeHugsTests;
			sourceTree = "<group>";
		};
/* End PBXGroup section */

/* Begin PBXNativeTarget section */
		667F14171F43538F0089A035 /* PracticeHugs */ = {
			isa = PBXNativeTarget;
			buildConfigurationList = 667F14351F43538F0089A035 /* Build configuration list for PBXNativeTarget "PracticeHugs" */;
			buildPhases = (
				667F14141F43538F0089A035 /* Sources */,
				667F14151F43538F0089A035 /* Frameworks */,
				667F14161F43538F0089A035 /* Resources */,
			);
			buildRules = (
			);
			dependencies = (
			);
			name = PracticeHugs;
			productName = PracticeHugs;
			productReference = 667F14181F43538F0089A035 /* PracticeHugs.app */;
			productType = "com.apple.product-type.application";
		};
		667F142B1F43538F0089A035 /* PracticeHugsTests */ = {
			isa = PBXNativeTarget;
			buildConfigurationList = 667F14381F43538F0089A035 /* Build configuration list for PBXNativeTarget "PracticeHugsTests" */;
			buildPhases = (
				667F14281F43538F0089A035 /* Sources */,
				667F14291F43538F0089A035 /* Frameworks */,
				667F142A1F43538F0089A035 /* Resources */,
			);
			buildRules = (
			);
			dependencies = (
				667F142E1F43538F0089A035 /* PBXTargetDependency */,
			);
			name = PracticeHugsTests;
			productName = PracticeHugsTests;
			productReference = 667F142C1F43538F0089A035 /* PracticeHugsTests.xctest */;
			productType = "com.apple.product-type.bundle.unit-test";
		};
/* End PBXNativeTarget section */

/* Begin PBXProject section */
		667F14101F43538F0089A035 /* Project object */ = {
			isa = PBXProject;
			attributes = {
				LastSwiftUpdateCheck = 0830;
				LastUpgradeCheck = 0830;
				ORGANIZATIONNAME = "Adam Beleckis";
				TargetAttributes = {
					667F14171F43538F0089A035 = {
						CreatedOnToolsVersion = 8.3.3;
						DevelopmentTeam = L749KD2JK6;
						ProvisioningStyle = Automatic;
					};
					667F142B1F43538F0089A035 = {
						CreatedOnToolsVersion = 8.3.3;
						DevelopmentTeam = L749KD2JK6;
						ProvisioningStyle = Automatic;
						TestTargetID = 667F14171F43538F0089A035;
					};
				};
			};
			buildConfigurationList = 667F14131F43538F0089A035 /* Build configuration list for PBXProject "PracticeHugs" */;
			compatibilityVersion = "Xcode 3.2";
			developmentRegion = English;
			hasScannedForEncodings = 0;
			knownRegions = (
				en,
				Base,
			);
			mainGroup = 667F140F1F43538F0089A035;
			productRefGroup = 667F14191F43538F0089A035 /* Products */;
			projectDirPath = "";
			projectRoot = "";
			targets = (
				667F14171F43538F0089A035 /* PracticeHugs */,
				667F142B1F43538F0089A035 /* PracticeHugsTests */,
			);
		};
/* End PBXProject section */

/* Begin PBXResourcesBuildPhase section */
		667F14161F43538F0089A035 /* Resources */ = {
			isa = PBXResourcesBuildPhase;
			buildActionMask = 2147483647;
			files = (
				667F14261F43538F0089A035 /* LaunchScreen.storyboard in Resources */,
				667F14231F43538F0089A035 /* Assets.xcassets in Resources */,
				667F14211F43538F0089A035 /* Main.storyboard in Resources */,
			);
			runOnlyForDeploymentPostprocessing = 0;
		};
		667F142A1F43538F0089A035 /* Resources */ = {
			isa = PBXResourcesBuildPhase;
			buildActionMask = 2147483647;
			files = (
			);
			runOnlyForDeploymentPostprocessing = 0;
		};
/* End PBXResourcesBuildPhase section */

/* Begin PBXSourcesBuildPhase section */
		667F14141F43538F0089A035 /* Sources */ = {
			isa = PBXSourcesBuildPhase;
			buildActionMask = 2147483647;
			files = (
				667F141E1F43538F0089A035 /* ViewController.swift in Sources */,
				667F141C1F43538F0089A035 /* AppDelegate.swift in Sources */,
			);
			runOnlyForDeploymentPostprocessing = 0;
		};
		667F14281F43538F0089A035 /* Sources */ = {
			isa = PBXSourcesBuildPhase;
			buildActionMask = 2147483647;
			files = (
				667F14311F43538F0089A035 /* PracticeHugsTests.swift in Sources */,
			);
			runOnlyForDeploymentPostprocessing = 0;
		};
/* End PBXSourcesBuildPhase section */

/* Begin PBXTargetDependency section */
		667F142E1F43538F0089A035 /* PBXTargetDependency */ = {
			isa = PBXTargetDependency;
			target = 667F14171F43538F0089A035 /* PracticeHugs */;
			targetProxy = 667F142D1F43538F0089A035 /* PBXContainerItemProxy */;
		};
/* End PBXTargetDependency section */

/* Begin PBXVariantGroup section */
		667F141F1F43538F0089A035 /* Main.storyboard */ = {
			isa = PBXVariantGroup;
			children = (
				667F14201F43538F0089A035 /* Base */,
			);
			name = Main.storyboard;
			sourceTree = "<group>";
		};
		667F14241F43538F0089A035 /* LaunchScreen.storyboard */ = {
			isa = PBXVariantGroup;
			children = (
				667F14251F43538F0089A035 /* Base */,
			);
			name = LaunchScreen.storyboard;
			sourceTree = "<group>";
		};
/* End PBXVariantGroup section */

/* Begin XCBuildConfiguration section */
		667F14331F43538F0089A035 /* Debug */ = {
			isa = XCBuildConfiguration;
			buildSettings = {
				ALWAYS_SEARCH_USER_PATHS = NO;
				CLANG_ANALYZER_NONNULL = YES;
				CLANG_ANALYZER_NUMBER_OBJECT_CONVERSION = YES_AGGRESSIVE;
				CLANG_CXX_LANGUAGE_STANDARD = "gnu++0x";
				CLANG_CXX_LIBRARY = "libc++";
				CLANG_ENABLE_MODULES = YES;
				CLANG_ENABLE_OBJC_ARC = YES;
				CLANG_WARN_BOOL_CONVERSION = YES;
				CLANG_WARN_CONSTANT_CONVERSION = YES;
				CLANG_WARN_DIRECT_OBJC_ISA_USAGE = YES_ERROR;
				CLANG_WARN_DOCUMENTATION_COMMENTS = YES;
				CLANG_WARN_EMPTY_BODY = YES;
				CLANG_WARN_ENUM_CONVERSION = YES;
				CLANG_WARN_INFINITE_RECURSION = YES;
				CLANG_WARN_INT_CONVERSION = YES;
				CLANG_WARN_OBJC_ROOT_CLASS = YES_ERROR;
				CLANG_WARN_SUSPICIOUS_MOVE = YES;
				CLANG_WARN_UNREACHABLE_CODE = YES;
				CLANG_WARN__DUPLICATE_METHOD_MATCH = YES;
				"CODE_SIGN_IDENTITY[sdk=iphoneos*]" = "iPhone Developer";
				COPY_PHASE_STRIP = NO;
				DEBUG_INFORMATION_FORMAT = dwarf;
				ENABLE_STRICT_OBJC_MSGSEND = YES;
				ENABLE_TESTABILITY = YES;
				GCC_C_LANGUAGE_STANDARD = gnu99;
				GCC_DYNAMIC_NO_PIC = NO;
				GCC_NO_COMMON_BLOCKS = YES;
				GCC_OPTIMIZATION_LEVEL = 0;
				GCC_PREPROCESSOR_DEFINITIONS = (
					"DEBUG=1",
					"$(inherited)",
				);
				GCC_WARN_64_TO_32_BIT_CONVERSION = YES;
				GCC_WARN_ABOUT_RETURN_TYPE = YES_ERROR;
				GCC_WARN_UNDECLARED_SELECTOR = YES;
				GCC_WARN_UNINITIALIZED_AUTOS = YES_AGGRESSIVE;
				GCC_WARN_UNUSED_FUNCTION = YES;
				GCC_WARN_UNUSED_VARIABLE = YES;
				IPHONEOS_DEPLOYMENT_TARGET = 10.3;
				MTL_ENABLE_DEBUG_INFO = YES;
				ONLY_ACTIVE_ARCH = YES;
				SDKROOT = iphoneos;
				SWIFT_ACTIVE_COMPILATION_CONDITIONS = DEBUG;
				SWIFT_OPTIMIZATION_LEVEL = "-Onone";
			};
			name = Debug;
		};
		667F14341F43538F0089A035 /* Release */ = {
			isa = XCBuildConfiguration;
			buildSettings = {
				ALWAYS_SEARCH_USER_PATHS = NO;
				CLANG_ANALYZER_NONNULL = YES;
				CLANG_ANALYZER_NUMBER_OBJECT_CONVERSION = YES_AGGRESSIVE;
				CLANG_CXX_LANGUAGE_STANDARD = "gnu++0x";
				CLANG_CXX_LIBRARY = "libc++";
				CLANG_ENABLE_MODULES = YES;
				CLANG_ENABLE_OBJC_ARC = YES;
				CLANG_WARN_BOOL_CONVERSION = YES;
				CLANG_WARN_CONSTANT_CONVERSION = YES;
				CLANG_WARN_DIRECT_OBJC_ISA_USAGE = YES_ERROR;
				CLANG_WARN_DOCUMENTATION_COMMENTS = YES;
				CLANG_WARN_EMPTY_BODY = YES;
				CLANG_WARN_ENUM_CONVERSION = YES;
				CLANG_WARN_INFINITE_RECURSION = YES;
				CLANG_WARN_INT_CONVERSION = YES;
				CLANG_WARN_OBJC_ROOT_CLASS = YES_ERROR;
				CLANG_WARN_SUSPICIOUS_MOVE = YES;
				CLANG_WARN_UNREACHABLE_CODE = YES;
				CLANG_WARN__DUPLICATE_METHOD_MATCH = YES;
				"CODE_SIGN_IDENTITY[sdk=iphoneos*]" = "iPhone Developer";
				COPY_PHASE_STRIP = NO;
				DEBUG_INFORMATION_FORMAT = "dwarf-with-dsym";
				ENABLE_NS_ASSERTIONS = NO;
				ENABLE_STRICT_OBJC_MSGSEND = YES;
				GCC_C_LANGUAGE_STANDARD = gnu99;
				GCC_NO_COMMON_BLOCKS = YES;
				GCC_WARN_64_TO_32_BIT_CONVERSION = YES;
				GCC_WARN_ABOUT_RETURN_TYPE = YES_ERROR;
				GCC_WARN_UNDECLARED_SELECTOR = YES;
				GCC_WARN_UNINITIALIZED_AUTOS = YES_AGGRESSIVE;
				GCC_WARN_UNUSED_FUNCTION = YES;
				GCC_WARN_UNUSED_VARIABLE = YES;
				IPHONEOS_DEPLOYMENT_TARGET = 10.3;
				MTL_ENABLE_DEBUG_INFO = NO;
				SDKROOT = iphoneos;
				SWIFT_OPTIMIZATION_LEVEL = "-Owholemodule";
				VALIDATE_PRODUCT = YES;
			};
			name = Release;
		};
		667F14361F43538F0089A035 /* Debug */ = {
			isa = XCBuildConfiguration;
			buildSettings = {
				ASSETCATALOG_COMPILER_APPICON_NAME = AppIcon;
				DEVELOPMENT_TEAM = L749KD2JK6;
				INFOPLIST_FILE = PracticeHugs/Info.plist;
				LD_RUNPATH_SEARCH_PATHS = "$(inherited) @executable_path/Frameworks";
				PRODUCT_BUNDLE_IDENTIFIER = AdamBeleckis.PracticeHugs;
				PRODUCT_NAME = "$(TARGET_NAME)";
				SWIFT_VERSION = 3.0;
			};
			name = Debug;
		};
		667F14371F43538F0089A035 /* Release */ = {
			isa = XCBuildConfiguration;
			buildSettings = {
				ASSETCATALOG_COMPILER_APPICON_NAME = AppIcon;
				DEVELOPMENT_TEAM = L749KD2JK6;
				INFOPLIST_FILE = PracticeHugs/Info.plist;
				LD_RUNPATH_SEARCH_PATHS = "$(inherited) @executable_path/Frameworks";
				PRODUCT_BUNDLE_IDENTIFIER = AdamBeleckis.PracticeHugs;
				PRODUCT_NAME = "$(TARGET_NAME)";
				SWIFT_VERSION = 3.0;
			};
			name = Release;
		};
		667F14391F43538F0089A035 /* Debug */ = {
			isa = XCBuildConfiguration;
			buildSettings = {
				ALWAYS_EMBED_SWIFT_STANDARD_LIBRARIES = YES;
				BUNDLE_LOADER = "$(TEST_HOST)";
				DEVELOPMENT_TEAM = L749KD2JK6;
				INFOPLIST_FILE = PracticeHugsTests/Info.plist;
				LD_RUNPATH_SEARCH_PATHS = "$(inherited) @executable_path/Frameworks @loader_path/Frameworks";
				PRODUCT_BUNDLE_IDENTIFIER = AdamBeleckis.PracticeHugsTests;
				PRODUCT_NAME = "$(TARGET_NAME)";
				SWIFT_VERSION = 3.0;
				TEST_HOST = "$(BUILT_PRODUCTS_DIR)/PracticeHugs.app/PracticeHugs";
			};
			name = Debug;
		};
		667F143A1F43538F0089A035 /* Release */ = {
			isa = XCBuildConfiguration;
			buildSettings = {
				ALWAYS_EMBED_SWIFT_STANDARD_LIBRARIES = YES;
				BUNDLE_LOADER = "$(TEST_HOST)";
				DEVELOPMENT_TEAM = L749KD2JK6;
				INFOPLIST_FILE = PracticeHugsTests/Info.plist;
				LD_RUNPATH_SEARCH_PATHS = "$(inherited) @executable_path/Frameworks @loader_path/Frameworks";
				PRODUCT_BUNDLE_IDENTIFIER = AdamBeleckis.PracticeHugsTests;
				PRODUCT_NAME = "$(TARGET_NAME)";
				SWIFT_VERSION = 3.0;
				TEST_HOST = "$(BUILT_PRODUCTS_DIR)/PracticeHugs.app/PracticeHugs";
			};
			name = Release;
		};
/* End XCBuildConfiguration section */

/* Begin XCConfigurationList section */
		667F14131F43538F0089A035 /* Build configuration list for PBXProject "PracticeHugs" */ = {
			isa = XCConfigurationList;
			buildConfigurations = (
				667F14331F43538F0089A035 /* Debug */,
				667F14341F43538F0089A035 /* Release */,
			);
			defaultConfigurationIsVisible = 0;
			defaultConfigurationName = Release;
		};
		667F14351F43538F0089A035 /* Build configuration list for PBXNativeTarget "PracticeHugs" */ = {
			isa = XCConfigurationList;
			buildConfigurations = (
				667F14361F43538F0089A035 /* Debug */,
				667F14371F43538F0089A035 /* Release */,
			);
			defaultConfigurationIsVisible = 0;
		};
		667F14381F43538F0089A035 /* Build configuration list for PBXNativeTarget "PracticeHugsTests" */ = {
			isa = XCConfigurationList;
			buildConfigurations = (
				667F14391F43538F0089A035 /* Debug */,
				667F143A1F43538F0089A035 /* Release */,
			);
			defaultConfigurationIsVisible = 0;
		};
/* End XCConfigurationList section */
	};
	rootObject = 667F14101F43538F0089A035 /* Project object */;
}
